
Microsoft Visual Studio Solution File, Format Version 12.00
# Visual Studio Version 17
VisualStudioVersion = 17.8.34511.84
MinimumVisualStudioVersion = 10.0.40219.1
Project("{9A19103F-16F7-4668-BE54-9A1E7A4F7556}") = "elevator_app", "elevator_app.csproj", "{5918DBE2-B8CD-46A4-BE88-06A7E44819A8}"
EndProject
Project("{FAE04EC0-301F-11D3-BF4B-00C04F79EFBC}") = "elevator_app_tester", "..\elevator_app_tester\elevator_app_tester.csproj", "{2A979B11-240E-43B3-A164-3F7F6DD17A6F}"
EndProject
Global
	GlobalSection(SolutionConfigurationPlatforms) = preSolution
		Debug|Any CPU = Debug|Any CPU
		Release|Any CPU = Release|Any CPU
	EndGlobalSection
	GlobalSection(ProjectConfigurationPlatforms) = postSolution
		{5918DBE2-B8CD-46A4-BE88-06A7E44819A8}.Debug|Any CPU.ActiveCfg = Debug|Any CPU
		{5918DBE2-B8CD-46A4-BE88-06A7E44819A8}.Debug|Any CPU.Build.0 = Debug|Any CPU
		{5918DBE2-B8CD-46A4-BE88-06A7E44819A8}.Release|Any CPU.ActiveCfg = Release|Any CPU
		{5918DBE2-B8CD-46A4-BE88-06A7E44819A8}.Release|Any CPU.Build.0 = Release|Any CPU
		{2A979B11-240E-43B3-A164-3F7F6DD17A6F}.Debug|Any CPU.ActiveCfg = Debug|Any CPU
		{2A979B11-240E-43B3-A164-3F7F6DD17A6F}.Debug|Any CPU.Build.0 = Debug|Any CPU
		{2A979B11-240E-43B3-A164-3F7F6DD17A6F}.Release|Any CPU.ActiveCfg = Release|Any CPU
		{2A979B11-240E-43B3-A164-3F7F6DD17A6F}.Release|Any CPU.Build.0 = Release|Any CPU
	EndGlobalSection
	GlobalSection(SolutionProperties) = preSolution
		HideSolutionNode = FALSE
	EndGlobalSection
	GlobalSection(ExtensibilityGlobals) = postSolution
		SolutionGuid = {CBC7C259-BDBF-4F5E-8E35-A4275162597C}
	EndGlobalSection
EndGlobal
